# THIS IS AN AUTOGENERATED FILE. DO NOT EDIT THIS FILE DIRECTLY.
# yarn lockfile v1


"@emnapi/runtime@^1.2.0":
  version "1.4.3"
  resolved "https://registry.npmjs.org/@emnapi/runtime/-/runtime-1.4.3.tgz"
  integrity sha512-pBPWdu6MLKROBX05wSNKcNb++m5Er+KQ9QkB+WVM+pW2Kx9hoSrVTnu3BdkI5eBLZoKu/J6mW/B6i6bJB2ytXQ==
  dependencies:
    tslib "^2.4.0"

"@floating-ui/core@^1.7.0":
  version "1.7.0"
  resolved "https://registry.npmjs.org/@floating-ui/core/-/core-1.7.0.tgz"
  integrity sha512-FRdBLykrPPA6P76GGGqlex/e7fbe0F1ykgxHYNXQsH/iTEtjMj/f9bpY5oQqbjt5VgZvgz/uKXbGuROijh3VLA==
  dependencies:
    "@floating-ui/utils" "^0.2.9"

"@floating-ui/dom@^1.0.0":
  version "1.7.0"
  resolved "https://registry.npmjs.org/@floating-ui/dom/-/dom-1.7.0.tgz"
  integrity sha512-lGTor4VlXcesUMh1cupTUTDoCxMb0V6bm3CnxHzQcw8Eaf1jQbgQX4i02fYgT0vJ82tb5MZ4CZk1LRGkktJCzg==
  dependencies:
    "@floating-ui/core" "^1.7.0"
    "@floating-ui/utils" "^0.2.9"

"@floating-ui/react-dom@^2.1.2":
  version "2.1.2"
  resolved "https://registry.npmjs.org/@floating-ui/react-dom/-/react-dom-2.1.2.tgz"
  integrity sha512-06okr5cgPzMNBy+Ycse2A6udMi4bqwW/zgBF/rwjcNqWkyr82Mcg8b0vjX8OJpZFy/FKjJmw6wV7t44kK6kW7A==
  dependencies:
    "@floating-ui/dom" "^1.0.0"

"@floating-ui/react@^0.26.16":
  version "0.26.28"
  resolved "https://registry.npmjs.org/@floating-ui/react/-/react-0.26.28.tgz"
  integrity sha512-yORQuuAtVpiRjpMhdc0wJj06b9JFjrYF4qp96j++v2NBpbi6SEGF7donUJ3TMieerQ6qVkAv1tgr7L4r5roTqw==
  dependencies:
    "@floating-ui/react-dom" "^2.1.2"
    "@floating-ui/utils" "^0.2.8"
    tabbable "^6.0.0"

"@floating-ui/utils@^0.2.8", "@floating-ui/utils@^0.2.9":
  version "0.2.9"
  resolved "https://registry.npmjs.org/@floating-ui/utils/-/utils-0.2.9.tgz"
  integrity sha512-MDWhGtE+eHw5JW7lq4qhc5yRLS11ERl1c7Z6Xd0a58DozHES6EnNNwUWbMiG4J9Cgj053Bhk8zvlhFYKVhULwg==

"@headlessui/react@^2.2.4":
  version "2.2.4"
  resolved "https://registry.npmjs.org/@headlessui/react/-/react-2.2.4.tgz"
  integrity sha512-lz+OGcAH1dK93rgSMzXmm1qKOJkBUqZf1L4M8TWLNplftQD3IkoEDdUFNfAn4ylsN6WOTVtWaLmvmaHOUk1dTA==
  dependencies:
    "@floating-ui/react" "^0.26.16"
    "@react-aria/focus" "^3.20.2"
    "@react-aria/interactions" "^3.25.0"
    "@tanstack/react-virtual" "^3.13.9"
    use-sync-external-store "^1.5.0"

"@heroicons/react@^2.2.0":
  version "2.2.0"
  resolved "https://registry.npmjs.org/@heroicons/react/-/react-2.2.0.tgz"
  integrity sha512-LMcepvRaS9LYHJGsF0zzmgKCUim/X3N/DQKc4jepAXJ7l8QxJ1PmxJzqplF2Z3FE4PqBAIGyJAQ/w4B5dsqbtQ==

"@img/sharp-darwin-arm64@0.33.5":
  version "0.33.5"
  resolved "https://registry.npmjs.org/@img/sharp-darwin-arm64/-/sharp-darwin-arm64-0.33.5.tgz"
  integrity sha512-UT4p+iz/2H4twwAoLCqfA9UH5pI6DggwKEGuaPy7nCVQ8ZsiY5PIcrRvD1DzuY3qYL07NtIQcWnBSY/heikIFQ==
  optionalDependencies:
    "@img/sharp-libvips-darwin-arm64" "1.0.4"

"@img/sharp-darwin-x64@0.33.5":
  version "0.33.5"
  resolved "https://registry.npmjs.org/@img/sharp-darwin-x64/-/sharp-darwin-x64-0.33.5.tgz"
  integrity sha512-fyHac4jIc1ANYGRDxtiqelIbdWkIuQaI84Mv45KvGRRxSAa7o7d1ZKAOBaYbnepLC1WqxfpimdeWfvqqSGwR2Q==
  optionalDependencies:
    "@img/sharp-libvips-darwin-x64" "1.0.4"

"@img/sharp-libvips-darwin-arm64@1.0.4":
  version "1.0.4"
  resolved "https://registry.npmjs.org/@img/sharp-libvips-darwin-arm64/-/sharp-libvips-darwin-arm64-1.0.4.tgz"
  integrity sha512-XblONe153h0O2zuFfTAbQYAX2JhYmDHeWikp1LM9Hul9gVPjFY427k6dFEcOL72O01QxQsWi761svJ/ev9xEDg==

"@img/sharp-libvips-darwin-x64@1.0.4":
  version "1.0.4"
  resolved "https://registry.npmjs.org/@img/sharp-libvips-darwin-x64/-/sharp-libvips-darwin-x64-1.0.4.tgz"
  integrity sha512-xnGR8YuZYfJGmWPvmlunFaWJsb9T/AO2ykoP3Fz/0X5XV2aoYBPkX6xqCQvUTKKiLddarLaxpzNe+b1hjeWHAQ==

"@img/sharp-libvips-linux-arm@1.0.5":
  version "1.0.5"
  resolved "https://registry.npmjs.org/@img/sharp-libvips-linux-arm/-/sharp-libvips-linux-arm-1.0.5.tgz"
  integrity sha512-gvcC4ACAOPRNATg/ov8/MnbxFDJqf/pDePbBnuBDcjsI8PssmjoKMAz4LtLaVi+OnSb5FK/yIOamqDwGmXW32g==

"@img/sharp-libvips-linux-arm64@1.0.4":
  version "1.0.4"
  resolved "https://registry.npmjs.org/@img/sharp-libvips-linux-arm64/-/sharp-libvips-linux-arm64-1.0.4.tgz"
  integrity sha512-9B+taZ8DlyyqzZQnoeIvDVR/2F4EbMepXMc/NdVbkzsJbzkUjhXv/70GQJ7tdLA4YJgNP25zukcxpX2/SueNrA==

"@img/sharp-libvips-linux-s390x@1.0.4":
  version "1.0.4"
  resolved "https://registry.npmjs.org/@img/sharp-libvips-linux-s390x/-/sharp-libvips-linux-s390x-1.0.4.tgz"
  integrity sha512-u7Wz6ntiSSgGSGcjZ55im6uvTrOxSIS8/dgoVMoiGE9I6JAfU50yH5BoDlYA1tcuGS7g/QNtetJnxA6QEsCVTA==

"@img/sharp-libvips-linux-x64@1.0.4":
  version "1.0.4"
  resolved "https://registry.npmjs.org/@img/sharp-libvips-linux-x64/-/sharp-libvips-linux-x64-1.0.4.tgz"
  integrity sha512-MmWmQ3iPFZr0Iev+BAgVMb3ZyC4KeFc3jFxnNbEPas60e1cIfevbtuyf9nDGIzOaW9PdnDciJm+wFFaTlj5xYw==

"@img/sharp-libvips-linuxmusl-arm64@1.0.4":
  version "1.0.4"
  resolved "https://registry.npmjs.org/@img/sharp-libvips-linuxmusl-arm64/-/sharp-libvips-linuxmusl-arm64-1.0.4.tgz"
  integrity sha512-9Ti+BbTYDcsbp4wfYib8Ctm1ilkugkA/uscUn6UXK1ldpC1JjiXbLfFZtRlBhjPZ5o1NCLiDbg8fhUPKStHoTA==

"@img/sharp-libvips-linuxmusl-x64@1.0.4":
  version "1.0.4"
  resolved "https://registry.npmjs.org/@img/sharp-libvips-linuxmusl-x64/-/sharp-libvips-linuxmusl-x64-1.0.4.tgz"
  integrity sha512-viYN1KX9m+/hGkJtvYYp+CCLgnJXwiQB39damAO7WMdKWlIhmYTfHjwSbQeUK/20vY154mwezd9HflVFM1wVSw==

"@img/sharp-linux-arm@0.33.5":
  version "0.33.5"
  resolved "https://registry.npmjs.org/@img/sharp-linux-arm/-/sharp-linux-arm-0.33.5.tgz"
  integrity sha512-JTS1eldqZbJxjvKaAkxhZmBqPRGmxgu+qFKSInv8moZ2AmT5Yib3EQ1c6gp493HvrvV8QgdOXdyaIBrhvFhBMQ==
  optionalDependencies:
    "@img/sharp-libvips-linux-arm" "1.0.5"

"@img/sharp-linux-arm64@0.33.5":
  version "0.33.5"
  resolved "https://registry.npmjs.org/@img/sharp-linux-arm64/-/sharp-linux-arm64-0.33.5.tgz"
  integrity sha512-JMVv+AMRyGOHtO1RFBiJy/MBsgz0x4AWrT6QoEVVTyh1E39TrCUpTRI7mx9VksGX4awWASxqCYLCV4wBZHAYxA==
  optionalDependencies:
    "@img/sharp-libvips-linux-arm64" "1.0.4"

"@img/sharp-linux-s390x@0.33.5":
  version "0.33.5"
  resolved "https://registry.npmjs.org/@img/sharp-linux-s390x/-/sharp-linux-s390x-0.33.5.tgz"
  integrity sha512-y/5PCd+mP4CA/sPDKl2961b+C9d+vPAveS33s6Z3zfASk2j5upL6fXVPZi7ztePZ5CuH+1kW8JtvxgbuXHRa4Q==
  optionalDependencies:
    "@img/sharp-libvips-linux-s390x" "1.0.4"

"@img/sharp-linux-x64@0.33.5":
  version "0.33.5"
  resolved "https://registry.npmjs.org/@img/sharp-linux-x64/-/sharp-linux-x64-0.33.5.tgz"
  integrity sha512-opC+Ok5pRNAzuvq1AG0ar+1owsu842/Ab+4qvU879ippJBHvyY5n2mxF1izXqkPYlGuP/M556uh53jRLJmzTWA==
  optionalDependencies:
    "@img/sharp-libvips-linux-x64" "1.0.4"

"@img/sharp-linuxmusl-arm64@0.33.5":
  version "0.33.5"
  resolved "https://registry.npmjs.org/@img/sharp-linuxmusl-arm64/-/sharp-linuxmusl-arm64-0.33.5.tgz"
  integrity sha512-XrHMZwGQGvJg2V/oRSUfSAfjfPxO+4DkiRh6p2AFjLQztWUuY/o8Mq0eMQVIY7HJ1CDQUJlxGGZRw1a5bqmd1g==
  optionalDependencies:
    "@img/sharp-libvips-linuxmusl-arm64" "1.0.4"

"@img/sharp-linuxmusl-x64@0.33.5":
  version "0.33.5"
  resolved "https://registry.npmjs.org/@img/sharp-linuxmusl-x64/-/sharp-linuxmusl-x64-0.33.5.tgz"
  integrity sha512-WT+d/cgqKkkKySYmqoZ8y3pxx7lx9vVejxW/W4DOFMYVSkErR+w7mf2u8m/y4+xHe7yY9DAXQMWQhpnMuFfScw==
  optionalDependencies:
    "@img/sharp-libvips-linuxmusl-x64" "1.0.4"

"@img/sharp-wasm32@0.33.5":
  version "0.33.5"
  resolved "https://registry.npmjs.org/@img/sharp-wasm32/-/sharp-wasm32-0.33.5.tgz"
  integrity sha512-ykUW4LVGaMcU9lu9thv85CbRMAwfeadCJHRsg2GmeRa/cJxsVY9Rbd57JcMxBkKHag5U/x7TSBpScF4U8ElVzg==
  dependencies:
    "@emnapi/runtime" "^1.2.0"

"@img/sharp-win32-ia32@0.33.5":
  version "0.33.5"
  resolved "https://registry.npmjs.org/@img/sharp-win32-ia32/-/sharp-win32-ia32-0.33.5.tgz"
  integrity sha512-T36PblLaTwuVJ/zw/LaH0PdZkRz5rd3SmMHX8GSmR7vtNSP5Z6bQkExdSK7xGWyxLw4sUknBuugTelgw2faBbQ==

"@img/sharp-win32-x64@0.33.5":
  version "0.33.5"
  resolved "https://registry.npmjs.org/@img/sharp-win32-x64/-/sharp-win32-x64-0.33.5.tgz"
  integrity sha512-MpY/o8/8kj+EcnxwvrP4aTJSWw/aZ7JIGR4aBeZkZw5B7/Jn+tY9/VNwtcoGmdT7GfggGIU4kygOMSbYnOrAbg==

"@next/env@15.1.8":
  version "15.1.8"
  resolved "https://registry.npmjs.org/@next/env/-/env-15.1.8.tgz"
  integrity sha512-Kd9zsi2ariJvtAvA5KapkzM/Qp9eXIcVqsuUMQHu9yYmhlGa9kyklf+6TQgVGSCbzsrApKCq9olyk51SmPnyLA==

"@next/swc-darwin-arm64@15.1.8":
  version "15.1.8"
  resolved "https://registry.npmjs.org/@next/swc-darwin-arm64/-/swc-darwin-arm64-15.1.8.tgz"
  integrity sha512-Mc++CDJgInIjIc1uA5+K6Lde8wObQztaXnuz6rOsN7tVgYBWvwKSa9wtXQDEETl46WNI8ksgpth2SR1DDo52xQ==

"@next/swc-darwin-x64@15.1.8":
  version "15.1.8"
  resolved "https://registry.npmjs.org/@next/swc-darwin-x64/-/swc-darwin-x64-15.1.8.tgz"
  integrity sha512-xmek+PBDN9K7rjDXCXgLsEzgmeJcevm3531pJOriqK+zh7k+yZEEE44G6lOnOqjVdc7ErLoDX6GxuHicDTatkw==

"@next/swc-linux-arm64-gnu@15.1.8":
  version "15.1.8"
  resolved "https://registry.npmjs.org/@next/swc-linux-arm64-gnu/-/swc-linux-arm64-gnu-15.1.8.tgz"
  integrity sha512-jrmutnfNjpLUB8bk+n2yJ8tzNdS+A8Q9UxzWUTCcxU08Q96eRtMY2/o/x1y2e5Yu79CgYPYuEe6E0SBOU+HU0Q==

"@next/swc-linux-arm64-musl@15.1.8":
  version "15.1.8"
  resolved "https://registry.npmjs.org/@next/swc-linux-arm64-musl/-/swc-linux-arm64-musl-15.1.8.tgz"
  integrity sha512-lq1YacM3+Cyc8iwXD0h16AKp1e786KPFUpcIgFnsmjjOrMU5xBosBN2S395yD791P8i6q0qbbMnAoNOFLiaKhw==

"@next/swc-linux-x64-gnu@15.1.8":
  version "15.1.8"
  resolved "https://registry.npmjs.org/@next/swc-linux-x64-gnu/-/swc-linux-x64-gnu-15.1.8.tgz"
  integrity sha512-fmllobaA+xGh8Rlb4CcF84sniDKADIXuAvLJ5nKtDCR0BbfQtHmK4xR2z1E+c9B6dbASW3MCXRj35KBmtAhhnw==

"@next/swc-linux-x64-musl@15.1.8":
  version "15.1.8"
  resolved "https://registry.npmjs.org/@next/swc-linux-x64-musl/-/swc-linux-x64-musl-15.1.8.tgz"
  integrity sha512-PX0010o4k+w4M4Z38UfcxDGup1O36n10GUrENQANQMOjcE1cA6Gbb+/R6pBKeIqSOaxsPBIanDlbaQ7f6ylB8g==

"@next/swc-win32-arm64-msvc@15.1.8":
  version "15.1.8"
  resolved "https://registry.npmjs.org/@next/swc-win32-arm64-msvc/-/swc-win32-arm64-msvc-15.1.8.tgz"
  integrity sha512-5zPbJAzaJvEo/UPR8ch4isVOjUP17/6qLU9TyF7Bl1EYN3c5zguAki5WN6QXMEjWAirerR2EFgE1B6VUHzt2Qg==

"@next/swc-win32-x64-msvc@15.1.8":
  version "15.1.8"
  resolved "https://registry.npmjs.org/@next/swc-win32-x64-msvc/-/swc-win32-x64-msvc-15.1.8.tgz"
  integrity sha512-tWR35z+E8rThPnwIMtOHwF/7lh7x1eB5p1wW0e5sWtyDIc+HRikxxuDc0U8B5G4YqGPX+O9NOgX35pCeKL28EA==

"@react-aria/focus@^3.20.2":
  version "3.20.3"
  resolved "https://registry.npmjs.org/@react-aria/focus/-/focus-3.20.3.tgz"
  integrity sha512-rR5uZUMSY4xLHmpK/I8bP1V6vUNHFo33gTvrvNUsAKKqvMfa7R2nu5A6v97dr5g6tVH6xzpdkPsOJCWh90H2cw==
  dependencies:
    "@react-aria/interactions" "^3.25.1"
    "@react-aria/utils" "^3.29.0"
    "@react-types/shared" "^3.29.1"
    "@swc/helpers" "^0.5.0"
    clsx "^2.0.0"

"@react-aria/interactions@^3.25.0", "@react-aria/interactions@^3.25.1":
  version "3.25.1"
  resolved "https://registry.npmjs.org/@react-aria/interactions/-/interactions-3.25.1.tgz"
  integrity sha512-ntLrlgqkmZupbbjekz3fE/n3eQH2vhncx8gUp0+N+GttKWevx7jos11JUBjnJwb1RSOPgRUFcrluOqBp0VgcfQ==
  dependencies:
    "@react-aria/ssr" "^3.9.8"
    "@react-aria/utils" "^3.29.0"
    "@react-stately/flags" "^3.1.1"
    "@react-types/shared" "^3.29.1"
    "@swc/helpers" "^0.5.0"

"@react-aria/ssr@^3.9.8":
  version "3.9.8"
  resolved "https://registry.npmjs.org/@react-aria/ssr/-/ssr-3.9.8.tgz"
  integrity sha512-lQDE/c9uTfBSDOjaZUJS8xP2jCKVk4zjQeIlCH90xaLhHDgbpCdns3xvFpJJujfj3nI4Ll9K7A+ONUBDCASOuw==
  dependencies:
    "@swc/helpers" "^0.5.0"

"@react-aria/utils@^3.29.0":
  version "3.29.0"
  resolved "https://registry.npmjs.org/@react-aria/utils/-/utils-3.29.0.tgz"
  integrity sha512-jSOrZimCuT1iKNVlhjIxDkAhgF7HSp3pqyT6qjg/ZoA0wfqCi/okmrMPiWSAKBnkgX93N8GYTLT3CIEO6WZe9Q==
  dependencies:
    "@react-aria/ssr" "^3.9.8"
    "@react-stately/flags" "^3.1.1"
    "@react-stately/utils" "^3.10.6"
    "@react-types/shared" "^3.29.1"
    "@swc/helpers" "^0.5.0"
    clsx "^2.0.0"

"@react-stately/flags@^3.1.1":
  version "3.1.1"
  resolved "https://registry.npmjs.org/@react-stately/flags/-/flags-3.1.1.tgz"
  integrity sha512-XPR5gi5LfrPdhxZzdIlJDz/B5cBf63l4q6/AzNqVWFKgd0QqY5LvWJftXkklaIUpKSJkIKQb8dphuZXDtkWNqg==
  dependencies:
    "@swc/helpers" "^0.5.0"

"@react-stately/utils@^3.10.6":
  version "3.10.6"
  resolved "https://registry.npmjs.org/@react-stately/utils/-/utils-3.10.6.tgz"
  integrity sha512-O76ip4InfTTzAJrg8OaZxKU4vvjMDOpfA/PGNOytiXwBbkct2ZeZwaimJ8Bt9W1bj5VsZ81/o/tW4BacbdDOMA==
  dependencies:
    "@swc/helpers" "^0.5.0"

"@react-types/shared@^3.29.1":
  version "3.29.1"
  resolved "https://registry.npmjs.org/@react-types/shared/-/shared-3.29.1.tgz"
  integrity sha512-KtM+cDf2CXoUX439rfEhbnEdAgFZX20UP2A35ypNIawR7/PFFPjQDWyA2EnClCcW/dLWJDEPX2U8+EJff8xqmQ==

"@remix-run/router@1.15.0":
  version "1.15.0"
  resolved "https://registry.npmjs.org/@remix-run/router/-/router-1.15.0.tgz"
  integrity sha512-HOil5aFtme37dVQTB6M34G95kPM3MMuqSmIRVCC52eKV+Y/tGSqw9P3rWhlAx6A+mz+MoX+XxsGsNJbaI5qCgQ==

"@swc/counter@0.1.3":
  version "0.1.3"
  resolved "https://registry.npmjs.org/@swc/counter/-/counter-0.1.3.tgz"
  integrity sha512-e2BR4lsJkkRlKZ/qCHPw9ZaSxc0MVUd7gtbtaB7aMvHeJVYe8sOB8DBZkP2DtISHGSku9sCK6T6cnY0CtXrOCQ==

"@swc/helpers@^0.5.0":
  version "0.5.17"
  resolved "https://registry.npmjs.org/@swc/helpers/-/helpers-0.5.17.tgz"
  integrity sha512-5IKx/Y13RsYd+sauPb2x+U/xZikHjolzfuDgTAl/Tdf3Q8rslRvC19NKDLgAJQ6wsqADk10ntlv08nPFw/gO/A==
  dependencies:
    tslib "^2.8.0"

"@swc/helpers@0.5.15":
  version "0.5.15"
  resolved "https://registry.npmjs.org/@swc/helpers/-/helpers-0.5.15.tgz"
  integrity sha512-JQ5TuMi45Owi4/BIMAJBoSQoOJu12oOk/gADqlcUL9JEdHB8vyjUSsxqeNXnmXHjYKMi2WcYtezGEEhqUI/E2g==
  dependencies:
    tslib "^2.8.0"

"@tanstack/react-virtual@^3.13.9":
  version "3.13.9"
  resolved "https://registry.npmjs.org/@tanstack/react-virtual/-/react-virtual-3.13.9.tgz"
  integrity sha512-SPWC8kwG/dWBf7Py7cfheAPOxuvIv4fFQ54PdmYbg7CpXfsKxkucak43Q0qKsxVthhUJQ1A7CIMAIplq4BjVwA==
  dependencies:
    "@tanstack/virtual-core" "3.13.9"

"@tanstack/virtual-core@3.13.9":
  version "3.13.9"
  resolved "https://registry.npmjs.org/@tanstack/virtual-core/-/virtual-core-3.13.9.tgz"
  integrity sha512-3jztt0jpaoJO5TARe2WIHC1UQC3VMLAFUW5mmMo0yrkwtDB2AQP0+sh10BVUpWrnvHjSLvzFizydtEGLCJKFoQ==

busboy@1.6.0:
  version "1.6.0"
  resolved "https://registry.npmjs.org/busboy/-/busboy-1.6.0.tgz"
  integrity sha512-8SFQbg/0hQ9xy3UNTB0YEnsNBbWfhf7RtnzpL7TkBiTBRfrQ9Fxcnz7VJsleJpyp6rVLvXiuORqjlHi5q+PYuA==
  dependencies:
    streamsearch "^1.1.0"

caniuse-lite@^1.0.30001579:
  version "1.0.30001718"
  resolved "https://registry.npmjs.org/caniuse-lite/-/caniuse-lite-1.0.30001718.tgz"
  integrity sha512-AflseV1ahcSunK53NfEs9gFWgOEmzr0f+kaMFA4xiLZlr9Hzt7HxcSpIFcnNCUkz6R6dWKa54rUz3HUmI3nVcw==

client-only@0.0.1:
  version "0.0.1"
  resolved "https://registry.npmjs.org/client-only/-/client-only-0.0.1.tgz"
  integrity sha512-IV3Ou0jSMzZrd3pZ48nLkT9DA7Ag1pnPzaiQhpW7c3RbcqqzvzzVu+L8gfqMp/8IM2MQtSiqaCxrrcfu8I8rMA==

clsx@^2.0.0:
  version "2.1.1"
  resolved "https://registry.npmjs.org/clsx/-/clsx-2.1.1.tgz"
  integrity sha512-eYm0QWBtUrBWZWG0d386OGAw16Z995PiOVo2B7bjWSbHedGl5e0ZWaq65kOGgUSNesEIDkB9ISbTg/JK9dhCZA==

color-convert@^2.0.1:
  version "2.0.1"
  resolved "https://registry.npmjs.org/color-convert/-/color-convert-2.0.1.tgz"
  integrity sha512-RRECPsj7iu/xb5oKYcsFHSppFNnsj/52OVTRKb4zP5onXwVF3zVmmToNcOfGC+CRDpfK/U584fMg38ZHCaElKQ==
  dependencies:
    color-name "~1.1.4"

color-name@^1.0.0, color-name@~1.1.4:
  version "1.1.4"
  resolved "https://registry.npmjs.org/color-name/-/color-name-1.1.4.tgz"
  integrity sha512-dOy+3AuW3a2wNbZHIuMZpTcgjGuLU/uBL/ubcZF9OXbDo8ff4O8yVp5Bf0efS8uEoYo5q4Fx7dY9OgQGXgAsQA==

color-string@^1.9.0:
  version "1.9.1"
  resolved "https://registry.npmjs.org/color-string/-/color-string-1.9.1.tgz"
  integrity sha512-shrVawQFojnZv6xM40anx4CkoDP+fZsw/ZerEMsW/pyzsRbElpsL/DBVW7q3ExxwusdNXI3lXpuhEZkzs8p5Eg==
  dependencies:
    color-name "^1.0.0"
    simple-swizzle "^0.2.2"

color@^4.2.3:
  version "4.2.3"
  resolved "https://registry.npmjs.org/color/-/color-4.2.3.tgz"
  integrity sha512-1rXeuUUiGGrykh+CeBdu5Ie7OJwinCgQY0bc7GCRxy5xVHy+moaqkpL/jqQq0MtQOeYcrqEz4abc5f0KtU7W4A==
  dependencies:
    color-convert "^2.0.1"
    color-string "^1.9.0"

detect-libc@^2.0.3:
  version "2.0.4"
  resolved "https://registry.npmjs.org/detect-libc/-/detect-libc-2.0.4.tgz"
  integrity sha512-3UDv+G9CsCKO1WKMGw9fwq/SWJYbI0c5Y7LU1AXYoDdbhE2AHQ6N6Nb34sG8Fj7T5APy8qXDCKuuIHd1BR0tVA==

framer-motion@^12.12.1:
  version "12.12.1"
  resolved "https://registry.npmjs.org/framer-motion/-/framer-motion-12.12.1.tgz"
  integrity sha512-PFw4/GCREHI2suK/NlPSUxd+x6Rkp80uQsfCRFSOQNrm5pZif7eGtmG1VaD/UF1fW9tRBy5AaS77StatB3OJDg==
  dependencies:
    motion-dom "^12.12.1"
    motion-utils "^12.12.1"
    tslib "^2.4.0"

is-arrayish@^0.3.1:
  version "0.3.2"
  resolved "https://registry.npmjs.org/is-arrayish/-/is-arrayish-0.3.2.tgz"
  integrity sha512-eVRqCvVlZbuw3GrM63ovNSNAeA1K16kaR/LRY/92w0zxQ5/1YzwblUX652i4Xs9RwAGjW9d9y6X88t8OaAJfWQ==

motion-dom@^12.12.1:
  version "12.12.1"
  resolved "https://registry.npmjs.org/motion-dom/-/motion-dom-12.12.1.tgz"
  integrity sha512-GXq/uUbZBEiFFE+K1Z/sxdPdadMdfJ/jmBALDfIuHGi0NmtealLOfH9FqT+6aNPgVx8ilq0DtYmyQlo6Uj9LKQ==
  dependencies:
    motion-utils "^12.12.1"

motion-utils@^12.12.1:
  version "12.12.1"
  resolved "https://registry.npmjs.org/motion-utils/-/motion-utils-12.12.1.tgz"
  integrity sha512-f9qiqUHm7hWSLlNW8gS9pisnsN7CRFRD58vNjptKdsqFLpkVnX00TNeD6Q0d27V9KzT7ySFyK1TZ/DShfVOv6w==

nanoid@^3.3.6:
  version "3.3.11"
  resolved "https://registry.npmjs.org/nanoid/-/nanoid-3.3.11.tgz"
  integrity sha512-N8SpfPUnUp1bK+PMYW8qSWdl9U+wwNWI4QKxOYDy9JAro3WMX7p2OeVRF9v+347pnakNevPmiHhNmZ2HbFA76w==

next@^15.1.8:
  version "15.1.8"
  resolved "https://registry.npmjs.org/next/-/next-15.1.8.tgz"
  integrity sha512-lToSu4zUZEQw1nHUsmmPpkrWM8Zk/J7RXL7E7x/Kbk9SZ6rz3VK8knTaJ+Vtdj6RV4XFZS1qp93hgm8z8j6UGw==
  dependencies:
    "@next/env" "15.1.8"
    "@swc/counter" "0.1.3"
    "@swc/helpers" "0.5.15"
    busboy "1.6.0"
    caniuse-lite "^1.0.30001579"
    postcss "8.4.31"
    styled-jsx "5.1.6"
  optionalDependencies:
    "@next/swc-darwin-arm64" "15.1.8"
    "@next/swc-darwin-x64" "15.1.8"
    "@next/swc-linux-arm64-gnu" "15.1.8"
    "@next/swc-linux-arm64-musl" "15.1.8"
    "@next/swc-linux-x64-gnu" "15.1.8"
    "@next/swc-linux-x64-musl" "15.1.8"
    "@next/swc-win32-arm64-msvc" "15.1.8"
    "@next/swc-win32-x64-msvc" "15.1.8"
    sharp "^0.33.5"

picocolors@^1.0.0:
  version "1.1.1"
  resolved "https://registry.npmjs.org/picocolors/-/picocolors-1.1.1.tgz"
  integrity sha512-xceH2snhtb5M9liqDsmEw56le376mTZkEX/jEb/RxNFyegNul7eNslCXP9FDj/Lcu0X8KEyMceP2ntpaHrDEVA==

postcss@8.4.31:
  version "8.4.31"
  resolved "https://registry.npmjs.org/postcss/-/postcss-8.4.31.tgz"
  integrity sha512-PS08Iboia9mts/2ygV3eLpY5ghnUcfLV/EXTOW1E2qYxJKGGBUtNjN76FYHnMs36RmARn41bC0AZmn+rR0OVpQ==
  dependencies:
    nanoid "^3.3.6"
    picocolors "^1.0.0"
    source-map-js "^1.0.2"

"react-dom@^16.8.0 || ^17.0.0 || ^18.0.0 || ^19.0.0", "react-dom@^16.8.0 || ^17.0.0-rc.1 || ^18.0.0 || ^19.0.0-rc.1", "react-dom@^18 || ^19 || ^19.0.0-rc", "react-dom@^18.0.0 || ^19.0.0", "react-dom@^18.2.0 || 19.0.0-rc-de68d2f4-20241204 || ^19.0.0", react-dom@^19.1.0, react-dom@>=16.8, react-dom@>=16.8.0:
  version "19.1.0"
  resolved "https://registry.npmjs.org/react-dom/-/react-dom-19.1.0.tgz"
  integrity sha512-Xs1hdnE+DyKgeHJeJznQmYMIBG3TKIHJJT95Q58nHLSrElKlGQqDTR2HQ9fx5CN/Gk6Vh/kupBTDLU11/nDk/g==
  dependencies:
    scheduler "^0.26.0"

react-icons@^5.5.0:
  version "5.5.0"
  resolved "https://registry.npmjs.org/react-icons/-/react-icons-5.5.0.tgz"
  integrity sha512-MEFcXdkP3dLo8uumGI5xN3lDFNsRtrjbOEKDLD7yv76v4wpnEq2Lt2qeHaQOr34I/wPN3s3+N08WkQ+CW37Xiw==

react-router-dom@6.22.0:
  version "6.22.0"
  resolved "https://registry.npmjs.org/react-router-dom/-/react-router-dom-6.22.0.tgz"
  integrity sha512-z2w+M4tH5wlcLmH3BMMOMdrtrJ9T3oJJNsAlBJbwk+8Syxd5WFJ7J5dxMEW0/GEXD1BBis4uXRrNIz3mORr0ag==
  dependencies:
    "@remix-run/router" "1.15.0"
    react-router "6.22.0"

react-router@6.22.0:
  version "6.22.0"
  resolved "https://registry.npmjs.org/react-router/-/react-router-6.22.0.tgz"
  integrity sha512-q2yemJeg6gw/YixRlRnVx6IRJWZD6fonnfZhN1JIOhV2iJCPeRNSH3V1ISwHf+JWcESzLC3BOLD1T07tmO5dmg==
  dependencies:
    "@remix-run/router" "1.15.0"

react@*, "react@^16.8.0 || ^17.0.0 || ^18.0.0 || ^19.0.0", "react@^16.8.0 || ^17.0.0-rc.1 || ^18.0.0 || ^19.0.0-rc.1", "react@^18 || ^19 || ^19.0.0-rc", "react@^18.0.0 || ^19.0.0", "react@^18.2.0 || 19.0.0-rc-de68d2f4-20241204 || ^19.0.0", react@^19.1.0, "react@>= 16 || ^19.0.0-rc", "react@>= 16.8.0 || 17.x.x || ^18.0.0-0 || ^19.0.0-0", react@>=16.8, react@>=16.8.0:
  version "19.1.0"
  resolved "https://registry.npmjs.org/react/-/react-19.1.0.tgz"
  integrity sha512-FS+XFBNvn3GTAWq26joslQgWNoFu08F4kl0J4CgdNKADkdSGXQyTCnKteIAJy96Br6YbpEU1LSzV5dYtjMkMDg==

scheduler@^0.26.0:
  version "0.26.0"
  resolved "https://registry.npmjs.org/scheduler/-/scheduler-0.26.0.tgz"
  integrity sha512-NlHwttCI/l5gCPR3D1nNXtWABUmBwvZpEQiD4IXSbIDq8BzLIK/7Ir5gTFSGZDUu37K5cMNp0hFtzO38sC7gWA==

semver@^7.6.3:
  version "7.7.2"
  resolved "https://registry.npmjs.org/semver/-/semver-7.7.2.tgz"
  integrity sha512-RF0Fw+rO5AMf9MAyaRXI4AV0Ulj5lMHqVxxdSgiVbixSCXoEmmX/jk0CuJw4+3SqroYO9VoUh+HcuJivvtJemA==

sharp@^0.33.5:
  version "0.33.5"
  resolved "https://registry.npmjs.org/sharp/-/sharp-0.33.5.tgz"
  integrity sha512-haPVm1EkS9pgvHrQ/F3Xy+hgcuMV0Wm9vfIBSiwZ05k+xgb0PkBQpGsAA/oWdDobNaZTH5ppvHtzCFbnSEwHVw==
  dependencies:
    color "^4.2.3"
    detect-libc "^2.0.3"
    semver "^7.6.3"
  optionalDependencies:
    "@img/sharp-darwin-arm64" "0.33.5"
    "@img/sharp-darwin-x64" "0.33.5"
    "@img/sharp-libvips-darwin-arm64" "1.0.4"
    "@img/sharp-libvips-darwin-x64" "1.0.4"
    "@img/sharp-libvips-linux-arm" "1.0.5"
    "@img/sharp-libvips-linux-arm64" "1.0.4"
    "@img/sharp-libvips-linux-s390x" "1.0.4"
    "@img/sharp-libvips-linux-x64" "1.0.4"
    "@img/sharp-libvips-linuxmusl-arm64" "1.0.4"
    "@img/sharp-libvips-linuxmusl-x64" "1.0.4"
    "@img/sharp-linux-arm" "0.33.5"
    "@img/sharp-linux-arm64" "0.33.5"
    "@img/sharp-linux-s390x" "0.33.5"
    "@img/sharp-linux-x64" "0.33.5"
    "@img/sharp-linuxmusl-arm64" "0.33.5"
    "@img/sharp-linuxmusl-x64" "0.33.5"
    "@img/sharp-wasm32" "0.33.5"
    "@img/sharp-win32-ia32" "0.33.5"
    "@img/sharp-win32-x64" "0.33.5"

simple-swizzle@^0.2.2:
  version "0.2.2"
  resolved "https://registry.npmjs.org/simple-swizzle/-/simple-swizzle-0.2.2.tgz"
  integrity sha512-JA//kQgZtbuY83m+xT+tXJkmJncGMTFT+C+g2h2R9uxkYIrE2yy9sgmcLhCnw57/WSD+Eh3J97FPEDFnbXnDUg==
  dependencies:
    is-arrayish "^0.3.1"

source-map-js@^1.0.2:
  version "1.2.1"
  resolved "https://registry.npmjs.org/source-map-js/-/source-map-js-1.2.1.tgz"
  integrity sha512-UXWMKhLOwVKb728IUtQPXxfYU+usdybtUrK/8uGE8CQMvrhOpwvzDBwj0QhSL7MQc7vIsISBG8VQ8+IDQxpfQA==

streamsearch@^1.1.0:
  version "1.1.0"
  resolved "https://registry.npmjs.org/streamsearch/-/streamsearch-1.1.0.tgz"
  integrity sha512-Mcc5wHehp9aXz1ax6bZUyY5afg9u2rv5cqQI3mRrYkGC8rW2hM02jWuwjtL++LS5qinSyhj2QfLyNsuc+VsExg==

styled-jsx@5.1.6:
  version "5.1.6"
  resolved "https://registry.npmjs.org/styled-jsx/-/styled-jsx-5.1.6.tgz"
  integrity sha512-qSVyDTeMotdvQYoHWLNGwRFJHC+i+ZvdBRYosOFgC+Wg1vx4frN2/RG/NA7SYqqvKNLf39P2LSRA2pu6n0XYZA==
  dependencies:
    client-only "0.0.1"

swiper@^11.2.7:
  version "11.2.7"
  resolved "https://registry.npmjs.org/swiper/-/swiper-11.2.7.tgz"
  integrity sha512-oPJCwdcjFMw3SoBM7AdB1RJzjT7JaE4Mg7TWceTmJ/i2OtF8L01Ct+5eOf48nG3trgR0wXFekWdfnTdl0eg6Pg==

tabbable@^6.0.0:
  version "6.2.0"
  resolved "https://registry.npmjs.org/tabbable/-/tabbable-6.2.0.tgz"
  integrity sha512-Cat63mxsVJlzYvN51JmVXIgNoUokrIaT2zLclCXjRd8boZ0004U4KCs/sToJ75C6sdlByWxpYnb5Boif1VSFew==

tslib@^2.4.0, tslib@^2.8.0:
  version "2.8.1"
  resolved "https://registry.npmjs.org/tslib/-/tslib-2.8.1.tgz"
  integrity sha512-oJFu94HQb+KVduSUQL7wnpmqnfmLsOA/nAh6b6EH0wCEoK0/mPeXU6c3wKDV83MkOuHPRHtSXKKU99IBazS/2w==

use-sync-external-store@^1.5.0:
  version "1.5.0"
  resolved "https://registry.npmjs.org/use-sync-external-store/-/use-sync-external-store-1.5.0.tgz"
  integrity sha512-Rb46I4cGGVBmjamjphe8L/UnvJD+uPPtTkNvX5mZgqdbavhI4EbgIWJiIHXJ8bc/i9EQGPRh4DwEURJ552Do0A==
